<?xml version="1.0" encoding="utf-8"?>
<Project ToolsVersion="4.0" xmlns="http://schemas.microsoft.com/developer/msbuild/2003">
  <ItemGroup>
    <Filter Include="Source Files">
      <UniqueIdentifier>{4FC737F1-C7A5-4376-A066-2A32D752A2FF}</UniqueIdentifier>
      <Extensions>cpp;c;cc;cxx;def;odl;idl;hpj;bat;asm;asmx</Extensions>
    </Filter>
    <Filter Include="Header Files">
      <UniqueIdentifier>{93995380-89BD-4b04-88EB-625FBE52EBFB}</UniqueIdentifier>
      <Extensions>h;hh;hpp;hxx;hm;inl;inc;ipp;xsd</Extensions>
    </Filter>
    <Filter Include="Resource Files">
      <UniqueIdentifier>{67DA6AB6-F800-4c08-8B7A-83BB121AAD01}</UniqueIdentifier>
      <Extensions>rc;ico;cur;bmp;dlg;rc2;rct;bin;rgs;gif;jpg;jpeg;jpe;resx;tiff;tif;png;wav;mfcribbon-ms</Extensions>
    </Filter>
    <Filter Include="Source Files\lzo">
      <UniqueIdentifier>{8478a0d3-b555-4ec3-8282-35e585a2a5c4}</UniqueIdentifier>
    </Filter>
    <Filter Include="Header Files\lzo">
      <UniqueIdentifier>{1e1f63be-d45c-4843-9033-8ce041375877}</UniqueIdentifier>
    </Filter>
  </ItemGroup>
  <ItemGroup>
    <ClInclude Include="targetver.h">
      <Filter>Header Files</Filter>
    </ClInclude>
    <ClInclude Include="GameDefines.h">
      <Filter>Header Files</Filter>
    </ClInclude>
    <ClInclude Include="Build.h">
      <Filter>Header Files</Filter>
    </ClInclude>
    <ClInclude Include="Core.h">
      <Filter>Header Files</Filter>
    </ClInclude>
    <ClInclude Include="Math3D.h">
      <Filter>Header Files</Filter>
    </ClInclude>
    <ClInclude Include="UnCore.h">
      <Filter>Header Files</Filter>
    </ClInclude>
    <ClInclude Include="GameDatabase.h">
      <Filter>Header Files</Filter>
    </ClInclude>
    <ClInclude Include="TypeInfo.h">
      <Filter>Header Files</Filter>
    </ClInclude>
    <ClInclude Include="UnObject.h">
      <Filter>Header Files</Filter>
    </ClInclude>
    <ClInclude Include="UnPackage.h">
      <Filter>Header Files</Filter>
    </ClInclude>
    <ClInclude Include="UnPackageUE3Reader.h">
      <Filter>Header Files</Filter>
    </ClInclude>
    <ClInclude Include="lzo\config1x.h">
      <Filter>Header Files\lzo</Filter>
    </ClInclude>
    <ClInclude Include="lzo\lzo_conf.h">
      <Filter>Header Files\lzo</Filter>
    </ClInclude>
    <ClInclude Include="lzo\lzo_dict.h">
      <Filter>Header Files\lzo</Filter>
    </ClInclude>
    <ClInclude Include="lzo\lzo_ptr.h">
      <Filter>Header Files\lzo</Filter>
    </ClInclude>
    <ClInclude Include="lzo\miniacc.h">
      <Filter>Header Files\lzo</Filter>
    </ClInclude>
    <ClInclude Include="lzo\lzo1x.h">
      <Filter>Header Files\lzo</Filter>
    </ClInclude>
    <ClInclude Include="lzo\lzoconf.h">
      <Filter>Header Files\lzo</Filter>
    </ClInclude>
    <ClInclude Include="lzo\lzodefs.h">
      <Filter>Header Files\lzo</Filter>
    </ClInclude>
    <ClInclude Include="Win32Types.h">
      <Filter>Header Files</Filter>
    </ClInclude>
    <ClInclude Include="GameFileSystem.h">
      <Filter>Header Files</Filter>
    </ClInclude>
    <ClInclude Include="UnArchiveObb.h">
      <Filter>Header Files</Filter>
    </ClInclude>
    <ClInclude Include="UnArchivePak.h">
      <Filter>Header Files</Filter>
    </ClInclude>
  </ItemGroup>
  <ItemGroup>
    <ClCompile Include="Extract.cpp">
      <Filter>Source Files</Filter>
    </ClCompile>
    <ClCompile Include="dllmain.cpp">
      <Filter>Source Files</Filter>
    </ClCompile>
    <ClCompile Include="Core.cpp">
      <Filter>Source Files</Filter>
    </ClCompile>
    <ClCompile Include="Math3D.cpp">
      <Filter>Source Files</Filter>
    </ClCompile>
    <ClCompile Include="UnCore.cpp">
      <Filter>Source Files</Filter>
    </ClCompile>
    <ClCompile Include="Memory.cpp">
      <Filter>Source Files</Filter>
    </ClCompile>
    <ClCompile Include="CoreWin32.cpp">
      <Filter>Source Files</Filter>
    </ClCompile>
    <ClCompile Include="GameDatabase.cpp">
      <Filter>Source Files</Filter>
    </ClCompile>
    <ClCompile Include="TypeInfo.cpp">
      <Filter>Source Files</Filter>
    </ClCompile>
    <ClCompile Include="UnObject.cpp">
      <Filter>Source Files</Filter>
    </ClCompile>
    <ClCompile Include="UnPackage.cpp">
      <Filter>Source Files</Filter>
    </ClCompile>
    <ClCompile Include="UnCoreCompression.cpp">
      <Filter>Source Files</Filter>
    </ClCompile>
    <ClCompile Include="UnCoreDecrypt.cpp">
      <Filter>Source Files</Filter>
    </ClCompile>
    <ClCompile Include="UnCoreSerialize.cpp">
      <Filter>Source Files</Filter>
    </ClCompile>
    <ClCompile Include="lzo\lzo_init.c">
      <Filter>Source Files\lzo</Filter>
    </ClCompile>
    <ClCompile Include="lzo\lzo1x_d1.c">
      <Filter>Source Files\lzo</Filter>
    </ClCompile>
    <ClCompile Include="lzo\lzo1x_d2.c">
      <Filter>Source Files\lzo</Filter>
    </ClCompile>
    <ClCompile Include="GameFileSystem.cpp">
      <Filter>Source Files</Filter>
    </ClCompile>
    <ClCompile Include="GameFileSystemGears4.cpp">
      <Filter>Source Files</Filter>
    </ClCompile>
    <ClCompile Include="UnPackageReader.cpp">
      <Filter>Source Files</Filter>
    </ClCompile>
  </ItemGroup>
</Project>