
Microsoft Visual Studio Solution File, Format Version 12.00
# Visual Studio 15
VisualStudioVersion = 15.0.26430.15
MinimumVisualStudioVersion = 10.0.40219.1
Project("{FAE04EC0-301F-11D3-BF4B-00C04F79EFBC}") = "Patcher", "Patcher\Patcher.csproj", "{2C03E31A-8413-4A68-A67A-C235E58A95D8}"
EndProject
Global
	GlobalSection(SolutionConfigurationPlatforms) = preSolution
		Debug|Any CPU = Debug|Any CPU
		Release|Any CPU = Release|Any CPU
	EndGlobalSection
	GlobalSection(ProjectConfigurationPlatforms) = postSolution
		{2C03E31A-8413-4A68-A67A-C235E58A95D8}.Debug|Any CPU.ActiveCfg = Debug|Any CPU
		{2C03E31A-8413-4A68-A67A-C235E58A95D8}.Debug|Any CPU.Build.0 = Debug|Any CPU
		{2C03E31A-8413-4A68-A67A-C235E58A95D8}.Release|Any CPU.ActiveCfg = Release|Any CPU
		{2C03E31A-8413-4A68-A67A-C235E58A95D8}.Release|Any CPU.Build.0 = Release|Any CPU
	EndGlobalSection
	GlobalSection(SolutionProperties) = preSolution
		HideSolutionNode = FALSE
	EndGlobalSection
EndGlobal
